
Microsoft Visual Studio Solution File, Format Version 12.00
# Visual Studio Version 17
VisualStudioVersion = 17.7.34018.315
MinimumVisualStudioVersion = 10.0.40219.1
Project("{FAE04EC0-301F-11D3-BF4B-00C04F79EFBC}") = "ConsoleApp", "CurrencyConverter\ConsoleApp.csproj", "{30FD591C-0BF0-4262-B40C-7EF55DB20A31}"
EndProject
Project("{FAE04EC0-301F-11D3-BF4B-00C04F79EFBC}") = "Converter", "Converter\Converter.csproj", "{04A4C5A8-ABA1-4201-9B81-DA4B55A45FC7}"
EndProject
Global
	GlobalSection(SolutionConfigurationPlatforms) = preSolution
		Debug|Any CPU = Debug|Any CPU
		Release|Any CPU = Release|Any CPU
	EndGlobalSection
	GlobalSection(ProjectConfigurationPlatforms) = postSolution
		{30FD591C-0BF0-4262-B40C-7EF55DB20A31}.Debug|Any CPU.ActiveCfg = Debug|Any CPU
		{30FD591C-0BF0-4262-B40C-7EF55DB20A31}.Debug|Any CPU.Build.0 = Debug|Any CPU
		{30FD591C-0BF0-4262-B40C-7EF55DB20A31}.Release|Any CPU.ActiveCfg = Release|Any CPU
		{30FD591C-0BF0-4262-B40C-7EF55DB20A31}.Release|Any CPU.Build.0 = Release|Any CPU
		{04A4C5A8-ABA1-4201-9B81-DA4B55A45FC7}.Debug|Any CPU.ActiveCfg = Debug|Any CPU
		{04A4C5A8-ABA1-4201-9B81-DA4B55A45FC7}.Debug|Any CPU.Build.0 = Debug|Any CPU
		{04A4C5A8-ABA1-4201-9B81-DA4B55A45FC7}.Release|Any CPU.ActiveCfg = Release|Any CPU
		{04A4C5A8-ABA1-4201-9B81-DA4B55A45FC7}.Release|Any CPU.Build.0 = Release|Any CPU
	EndGlobalSection
	GlobalSection(SolutionProperties) = preSolution
		HideSolutionNode = FALSE
	EndGlobalSection
	GlobalSection(ExtensibilityGlobals) = postSolution
		SolutionGuid = {D077C3BF-9248-4E45-89A8-8800824A1B33}
	EndGlobalSection
EndGlobal
